
Microsoft Visual Studio Solution File, Format Version 12.00
# Visual Studio Version 16
VisualStudioVersion = 16.0.32510.428
MinimumVisualStudioVersion = 10.0.40219.1
Project("{FAE04EC0-301F-11D3-BF4B-00C04F79EFBC}") = "CustomArraylist", "CustomArraylist\CustomArraylist.csproj", "{40351E37-0AA0-4C36-B30C-E3EB9FE7C9CD}"
EndProject
Global
	GlobalSection(SolutionConfigurationPlatforms) = preSolution
		Debug|Any CPU = Debug|Any CPU
		Release|Any CPU = Release|Any CPU
	EndGlobalSection
	GlobalSection(ProjectConfigurationPlatforms) = postSolution
		{40351E37-0AA0-4C36-B30C-E3EB9FE7C9CD}.Debug|Any CPU.ActiveCfg = Debug|Any CPU
		{40351E37-0AA0-4C36-B30C-E3EB9FE7C9CD}.Debug|Any CPU.Build.0 = Debug|Any CPU
		{40351E37-0AA0-4C36-B30C-E3EB9FE7C9CD}.Release|Any CPU.ActiveCfg = Release|Any CPU
		{40351E37-0AA0-4C36-B30C-E3EB9FE7C9CD}.Release|Any CPU.Build.0 = Release|Any CPU
	EndGlobalSection
	GlobalSection(SolutionProperties) = preSolution
		HideSolutionNode = FALSE
	EndGlobalSection
	GlobalSection(ExtensibilityGlobals) = postSolution
		SolutionGuid = {DC2E65C1-00AF-43DA-B05D-1DC5914F9D66}
	EndGlobalSection
EndGlobal
